# This file is automatically @generated by Wally.
# It is not intended for manual editing.
registry = "test"

[[package]]
name = "csqrl/colour-utils"
version = "1.4.1"
dependencies = []

[[package]]
name = "elttob/fusion"
version = "0.3.0"
dependencies = []

[[package]]
name = "imavafe/onyx-ui"
version = "0.5.3"
dependencies = [["ColorUtils", "csqrl/colour-utils@1.4.1"], ["Fusion", "elttob/fusion@0.3.0"], ["Signal", "sleitnick/signal@2.0.3"]]

[[package]]
name = "nicho/soulsteel"
version = "0.1.0"
dependencies = [["onyx-ui", "imavafe/onyx-ui@0.5.3"]]

[[package]]
name = "sleitnick/signal"
version = "2.0.3"
dependencies = []
